
Microsoft Visual Studio Solution File, Format Version 12.00
# Visual Studio Version 17
VisualStudioVersion = 17.13.35931.197 d17.13
MinimumVisualStudioVersion = 10.0.40219.1
Project("{FAE04EC0-301F-11D3-BF4B-00C04F79EFBC}") = "BarberApp", "BarberApp.csproj", "{4989A747-FCEB-4499-9D4C-4D5AE6938AAF}"
EndProject
Global
	GlobalSection(SolutionConfigurationPlatforms) = preSolution
		Debug|Any CPU = Debug|Any CPU
		Release|Any CPU = Release|Any CPU
	EndGlobalSection
	GlobalSection(ProjectConfigurationPlatforms) = postSolution
		{4989A747-FCEB-4499-9D4C-4D5AE6938AAF}.Debug|Any CPU.ActiveCfg = Debug|Any CPU
		{4989A747-FCEB-4499-9D4C-4D5AE6938AAF}.Debug|Any CPU.Build.0 = Debug|Any CPU
		{4989A747-FCEB-4499-9D4C-4D5AE6938AAF}.Debug|Any CPU.Deploy.0 = Debug|Any CPU
		{4989A747-FCEB-4499-9D4C-4D5AE6938AAF}.Release|Any CPU.ActiveCfg = Release|Any CPU
		{4989A747-FCEB-4499-9D4C-4D5AE6938AAF}.Release|Any CPU.Build.0 = Release|Any CPU
	EndGlobalSection
	GlobalSection(SolutionProperties) = preSolution
		HideSolutionNode = FALSE
	EndGlobalSection
	GlobalSection(ExtensibilityGlobals) = postSolution
		SolutionGuid = {601C3349-2C21-4198-BD8C-1108124EC107}
	EndGlobalSection
EndGlobal
